
Microsoft Visual Studio Solution File, Format Version 12.00
# Visual Studio 14
VisualStudioVersion = 14.0.25420.1
MinimumVisualStudioVersion = 10.0.40219.1
Project("{FAE04EC0-301F-11D3-BF4B-00C04F79EFBC}") = "CA", "CA\CA.csproj", "{8FEB3862-B9CD-4245-BEBF-613973F42A72}"
EndProject
Project("{FAE04EC0-301F-11D3-BF4B-00C04F79EFBC}") = "CA.Test", "CA.Test\CA.Test.csproj", "{0939561E-3F2D-4EC3-AF05-2525CEB59D9E}"
EndProject
Project("{FAE04EC0-301F-11D3-BF4B-00C04F79EFBC}") = "CA.Form", "CA.Form\CA.Form.csproj", "{6BB0582C-5BB4-48EB-A4F9-4353F6B2AC29}"
EndProject
Global
	GlobalSection(SolutionConfigurationPlatforms) = preSolution
		Debug|Any CPU = Debug|Any CPU
		Release|Any CPU = Release|Any CPU
	EndGlobalSection
	GlobalSection(ProjectConfigurationPlatforms) = postSolution
		{8FEB3862-B9CD-4245-BEBF-613973F42A72}.Debug|Any CPU.ActiveCfg = Debug|Any CPU
		{8FEB3862-B9CD-4245-BEBF-613973F42A72}.Debug|Any CPU.Build.0 = Debug|Any CPU
		{8FEB3862-B9CD-4245-BEBF-613973F42A72}.Release|Any CPU.ActiveCfg = Release|Any CPU
		{8FEB3862-B9CD-4245-BEBF-613973F42A72}.Release|Any CPU.Build.0 = Release|Any CPU
		{0939561E-3F2D-4EC3-AF05-2525CEB59D9E}.Debug|Any CPU.ActiveCfg = Debug|Any CPU
		{0939561E-3F2D-4EC3-AF05-2525CEB59D9E}.Debug|Any CPU.Build.0 = Debug|Any CPU
		{0939561E-3F2D-4EC3-AF05-2525CEB59D9E}.Release|Any CPU.ActiveCfg = Release|Any CPU
		{0939561E-3F2D-4EC3-AF05-2525CEB59D9E}.Release|Any CPU.Build.0 = Release|Any CPU
		{6BB0582C-5BB4-48EB-A4F9-4353F6B2AC29}.Debug|Any CPU.ActiveCfg = Debug|Any CPU
		{6BB0582C-5BB4-48EB-A4F9-4353F6B2AC29}.Debug|Any CPU.Build.0 = Debug|Any CPU
		{6BB0582C-5BB4-48EB-A4F9-4353F6B2AC29}.Release|Any CPU.ActiveCfg = Release|Any CPU
		{6BB0582C-5BB4-48EB-A4F9-4353F6B2AC29}.Release|Any CPU.Build.0 = Release|Any CPU
	EndGlobalSection
	GlobalSection(SolutionProperties) = preSolution
		HideSolutionNode = FALSE
	EndGlobalSection
EndGlobal
